
Microsoft Visual Studio Solution File, Format Version 12.00
# Visual Studio Version 16
VisualStudioVersion = 16.0.30804.86
MinimumVisualStudioVersion = 10.0.40219.1
Project("{FAE04EC0-301F-11D3-BF4B-00C04F79EFBC}") = "TodoApi", "TodoApi\TodoApi.csproj", "{4CB16996-56C3-40F5-B094-FCED3E3DBAF3}"
EndProject
Global
	GlobalSection(SolutionConfigurationPlatforms) = preSolution
		Debug|Any CPU = Debug|Any CPU
		Release|Any CPU = Release|Any CPU
	EndGlobalSection
	GlobalSection(ProjectConfigurationPlatforms) = postSolution
		{4CB16996-56C3-40F5-B094-FCED3E3DBAF3}.Debug|Any CPU.ActiveCfg = Debug|Any CPU
		{4CB16996-56C3-40F5-B094-FCED3E3DBAF3}.Debug|Any CPU.Build.0 = Debug|Any CPU
		{4CB16996-56C3-40F5-B094-FCED3E3DBAF3}.Release|Any CPU.ActiveCfg = Release|Any CPU
		{4CB16996-56C3-40F5-B094-FCED3E3DBAF3}.Release|Any CPU.Build.0 = Release|Any CPU
	EndGlobalSection
	GlobalSection(SolutionProperties) = preSolution
		HideSolutionNode = FALSE
	EndGlobalSection
	GlobalSection(ExtensibilityGlobals) = postSolution
		SolutionGuid = {A2482E3A-3CA3-41F6-8029-E24E2E460877}
	EndGlobalSection
EndGlobal
